// !$*UTF8*$!
{
	archiveVersion = 1;
	classes = {
	};
	objectVersion = 50;
	objects = {

/* Begin PBXBuildFile section */
		2242CB37214CDA3500D29598 /* AppDelegate.swift in Sources */ = {isa = PBXBuildFile; fileRef = 2242CB36214CDA3500D29598 /* AppDelegate.swift */; };
		2242CB3E214CDA3700D29598 /* Assets.xcassets in Resources */ = {isa = PBXBuildFile; fileRef = 2242CB3D214CDA3700D29598 /* Assets.xcassets */; };
		2242CB41214CDA3700D29598 /* LaunchScreen.storyboard in Resources */ = {isa = PBXBuildFile; fileRef = 2242CB3F214CDA3700D29598 /* LaunchScreen.storyboard */; };
		2242CB65214CDBA500D29598 /* InitViewController.swift in Sources */ = {isa = PBXBuildFile; fileRef = 2242CB64214CDBA500D29598 /* InitViewController.swift */; };
		2242CB6A214CDCAE00D29598 /* Localizable.strings in Resources */ = {isa = PBXBuildFile; fileRef = 2242CB6C214CDCAE00D29598 /* Localizable.strings */; };
		2242CB73214CDD1500D29598 /* PGViewController.swift in Sources */ = {isa = PBXBuildFile; fileRef = 2242CB72214CDD1500D29598 /* PGViewController.swift */; };
		2242CB76214CDD7E00D29598 /* PGViewExtensions.swift in Sources */ = {isa = PBXBuildFile; fileRef = 2242CB75214CDD7E00D29598 /* PGViewExtensions.swift */; };
		844281D95E62780315248747 /* Pods_Progress.framework in Frameworks */ = {isa = PBXBuildFile; fileRef = 560A59030B593D5EC7AB48C4 /* Pods_Progress.framework */; };
/* End PBXBuildFile section */

/* Begin PBXContainerItemProxy section */
		2242CB48214CDA3700D29598 /* PBXContainerItemProxy */ = {
			isa = PBXContainerItemProxy;
			containerPortal = 2242CB2B214CDA3500D29598 /* Project object */;
			proxyType = 1;
			remoteGlobalIDString = 2242CB32214CDA3500D29598;
			remoteInfo = Progress;
		};
		2242CB53214CDA3700D29598 /* PBXContainerItemProxy */ = {
			isa = PBXContainerItemProxy;
			containerPortal = 2242CB2B214CDA3500D29598 /* Project object */;
			proxyType = 1;
			remoteGlobalIDString = 2242CB32214CDA3500D29598;
			remoteInfo = Progress;
		};
/* End PBXContainerItemProxy section */

/* Begin PBXFileReference section */
		2242CB33214CDA3500D29598 /* Progress.app */ = {isa = PBXFileReference; explicitFileType = wrapper.application; includeInIndex = 0; path = Progress.app; sourceTree = BUILT_PRODUCTS_DIR; };
		2242CB36214CDA3500D29598 /* AppDelegate.swift */ = {isa = PBXFileReference; lastKnownFileType = sourcecode.swift; path = AppDelegate.swift; sourceTree = "<group>"; };
		2242CB3D214CDA3700D29598 /* Assets.xcassets */ = {isa = PBXFileReference; lastKnownFileType = folder.assetcatalog; path = Assets.xcassets; sourceTree = "<group>"; };
		2242CB40214CDA3700D29598 /* Base */ = {isa = PBXFileReference; lastKnownFileType = file.storyboard; name = Base; path = Base.lproj/LaunchScreen.storyboard; sourceTree = "<group>"; };
		2242CB42214CDA3700D29598 /* Info.plist */ = {isa = PBXFileReference; lastKnownFileType = text.plist.xml; path = Info.plist; sourceTree = "<group>"; };
		2242CB47214CDA3700D29598 /* ProgressTests.xctest */ = {isa = PBXFileReference; explicitFileType = wrapper.cfbundle; includeInIndex = 0; path = ProgressTests.xctest; sourceTree = BUILT_PRODUCTS_DIR; };
		2242CB52214CDA3700D29598 /* ProgressUITests.xctest */ = {isa = PBXFileReference; explicitFileType = wrapper.cfbundle; includeInIndex = 0; path = ProgressUITests.xctest; sourceTree = BUILT_PRODUCTS_DIR; };
		2242CB64214CDBA500D29598 /* InitViewController.swift */ = {isa = PBXFileReference; lastKnownFileType = sourcecode.swift; path = InitViewController.swift; sourceTree = "<group>"; };
		2242CB6B214CDCAE00D29598 /* en */ = {isa = PBXFileReference; lastKnownFileType = text.plist.strings; name = en; path = en.lproj/Localizable.strings; sourceTree = "<group>"; };
		2242CB6D214CDCE500D29598 /* ko */ = {isa = PBXFileReference; lastKnownFileType = text.plist.strings; name = ko; path = ko.lproj/LaunchScreen.strings; sourceTree = "<group>"; };
		2242CB6E214CDCE500D29598 /* ko */ = {isa = PBXFileReference; lastKnownFileType = text.plist.strings; name = ko; path = ko.lproj/Localizable.strings; sourceTree = "<group>"; };
		2242CB6F214CDCE800D29598 /* ja */ = {isa = PBXFileReference; lastKnownFileType = text.plist.strings; name = ja; path = ja.lproj/LaunchScreen.strings; sourceTree = "<group>"; };
		2242CB70214CDCE800D29598 /* ja */ = {isa = PBXFileReference; lastKnownFileType = text.plist.strings; name = ja; path = ja.lproj/Localizable.strings; sourceTree = "<group>"; };
		2242CB72214CDD1500D29598 /* PGViewController.swift */ = {isa = PBXFileReference; lastKnownFileType = sourcecode.swift; path = PGViewController.swift; sourceTree = "<group>"; };
		2242CB75214CDD7E00D29598 /* PGViewExtensions.swift */ = {isa = PBXFileReference; lastKnownFileType = sourcecode.swift; path = PGViewExtensions.swift; sourceTree = "<group>"; };
		560A59030B593D5EC7AB48C4 /* Pods_Progress.framework */ = {isa = PBXFileReference; explicitFileType = wrapper.framework; includeInIndex = 0; path = Pods_Progress.framework; sourceTree = BUILT_PRODUCTS_DIR; };
		884D652F34DA60591ABAAA1A /* Pods-Progress.debug.xcconfig */ = {isa = PBXFileReference; includeInIndex = 1; lastKnownFileType = text.xcconfig; name = "Pods-Progress.debug.xcconfig"; path = "Pods/Target Support Files/Pods-Progress/Pods-Progress.debug.xcconfig"; sourceTree = "<group>"; };
		F778A5A3AF9582D2A77C73CB /* Pods-Progress.release.xcconfig */ = {isa = PBXFileReference; includeInIndex = 1; lastKnownFileType = text.xcconfig; name = "Pods-Progress.release.xcconfig"; path = "Pods/Target Support Files/Pods-Progress/Pods-Progress.release.xcconfig"; sourceTree = "<group>"; };
/* End PBXFileReference section */

/* Begin PBXFrameworksBuildPhase section */
		2242CB30214CDA3500D29598 /* Frameworks */ = {
			isa = PBXFrameworksBuildPhase;
			buildActionMask = 2147483647;
			files = (
				844281D95E62780315248747 /* Pods_Progress.framework in Frameworks */,
			);
			runOnlyForDeploymentPostprocessing = 0;
		};
		2242CB44214CDA3700D29598 /* Frameworks */ = {
			isa = PBXFrameworksBuildPhase;
			buildActionMask = 2147483647;
			files = (
			);
			runOnlyForDeploymentPostprocessing = 0;
		};
		2242CB4F214CDA3700D29598 /* Frameworks */ = {
			isa = PBXFrameworksBuildPhase;
			buildActionMask = 2147483647;
			files = (
			);
			runOnlyForDeploymentPostprocessing = 0;
		};
/* End PBXFrameworksBuildPhase section */

/* Begin PBXGroup section */
		2242CB2A214CDA3500D29598 = {
			isa = PBXGroup;
			children = (
				2242CB35214CDA3500D29598 /* Progress */,
				2242CB34214CDA3500D29598 /* Products */,
				AE9707A8086BAD794E86EF3D /* Pods */,
				D666738863677FE869A15B83 /* Frameworks */,
			);
			sourceTree = "<group>";
		};
		2242CB34214CDA3500D29598 /* Products */ = {
			isa = PBXGroup;
			children = (
				2242CB33214CDA3500D29598 /* Progress.app */,
				2242CB47214CDA3700D29598 /* ProgressTests.xctest */,
				2242CB52214CDA3700D29598 /* ProgressUITests.xctest */,
			);
			name = Products;
			sourceTree = "<group>";
		};
		2242CB35214CDA3500D29598 /* Progress */ = {
			isa = PBXGroup;
			children = (
				2242CB74214CDD4300D29598 /* Extensions */,
				2242CB71214CDD0400D29598 /* Structure */,
				2242CB67214CDC3100D29598 /* Localization */,
				2242CB36214CDA3500D29598 /* AppDelegate.swift */,
				2242CB64214CDBA500D29598 /* InitViewController.swift */,
				2242CB3D214CDA3700D29598 /* Assets.xcassets */,
				2242CB3F214CDA3700D29598 /* LaunchScreen.storyboard */,
				2242CB42214CDA3700D29598 /* Info.plist */,
			);
			path = Progress;
			sourceTree = "<group>";
		};
		2242CB67214CDC3100D29598 /* Localization */ = {
			isa = PBXGroup;
			children = (
				2242CB6C214CDCAE00D29598 /* Localizable.strings */,
			);
			path = Localization;
			sourceTree = "<group>";
		};
		2242CB71214CDD0400D29598 /* Structure */ = {
			isa = PBXGroup;
			children = (
				2242CB72214CDD1500D29598 /* PGViewController.swift */,
			);
			path = Structure;
			sourceTree = "<group>";
		};
		2242CB74214CDD4300D29598 /* Extensions */ = {
			isa = PBXGroup;
			children = (
				2242CB75214CDD7E00D29598 /* PGViewExtensions.swift */,
			);
			path = Extensions;
			sourceTree = "<group>";
		};
		AE9707A8086BAD794E86EF3D /* Pods */ = {
			isa = PBXGroup;
			children = (
				884D652F34DA60591ABAAA1A /* Pods-Progress.debug.xcconfig */,
				F778A5A3AF9582D2A77C73CB /* Pods-Progress.release.xcconfig */,
			);
			name = Pods;
			sourceTree = "<group>";
		};
		D666738863677FE869A15B83 /* Frameworks */ = {
			isa = PBXGroup;
			children = (
				560A59030B593D5EC7AB48C4 /* Pods_Progress.framework */,
			);
			name = Frameworks;
			sourceTree = "<group>";
		};
/* End PBXGroup section */

/* Begin PBXNativeTarget section */
		2242CB32214CDA3500D29598 /* Progress */ = {
			isa = PBXNativeTarget;
			buildConfigurationList = 2242CB5B214CDA3700D29598 /* Build configuration list for PBXNativeTarget "Progress" */;
			buildPhases = (
				58B7D62126DD7EA6F1632F24 /* [CP] Check Pods Manifest.lock */,
				2242CB2F214CDA3500D29598 /* Sources */,
				2242CB30214CDA3500D29598 /* Frameworks */,
				2242CB31214CDA3500D29598 /* Resources */,
				2242CB66214CDC1600D29598 /* Build number auto increment */,
			);
			buildRules = (
			);
			dependencies = (
			);
			name = Progress;
			productName = Progress;
			productReference = 2242CB33214CDA3500D29598 /* Progress.app */;
			productType = "com.apple.product-type.application";
		};
		2242CB46214CDA3700D29598 /* ProgressTests */ = {
			isa = PBXNativeTarget;
			buildConfigurationList = 2242CB5E214CDA3700D29598 /* Build configuration list for PBXNativeTarget "ProgressTests" */;
			buildPhases = (
				2242CB43214CDA3700D29598 /* Sources */,
				2242CB44214CDA3700D29598 /* Frameworks */,
				2242CB45214CDA3700D29598 /* Resources */,
			);
			buildRules = (
			);
			dependencies = (
				2242CB49214CDA3700D29598 /* PBXTargetDependency */,
			);
			name = ProgressTests;
			productName = ProgressTests;
			productReference = 2242CB47214CDA3700D29598 /* ProgressTests.xctest */;
			productType = "com.apple.product-type.bundle.unit-test";
		};
		2242CB51214CDA3700D29598 /* ProgressUITests */ = {
			isa = PBXNativeTarget;
			buildConfigurationList = 2242CB61214CDA3700D29598 /* Build configuration list for PBXNativeTarget "ProgressUITests" */;
			buildPhases = (
				2242CB4E214CDA3700D29598 /* Sources */,
				2242CB4F214CDA3700D29598 /* Frameworks */,
				2242CB50214CDA3700D29598 /* Resources */,
			);
			buildRules = (
			);
			dependencies = (
				2242CB54214CDA3700D29598 /* PBXTargetDependency */,
			);
			name = ProgressUITests;
			productName = ProgressUITests;
			productReference = 2242CB52214CDA3700D29598 /* ProgressUITests.xctest */;
			productType = "com.apple.product-type.bundle.ui-testing";
		};
/* End PBXNativeTarget section */

/* Begin PBXProject section */
		2242CB2B214CDA3500D29598 /* Project object */ = {
			isa = PBXProject;
			attributes = {
				LastSwiftUpdateCheck = 0940;
				LastUpgradeCheck = 0940;
				ORGANIZATIONNAME = Seru;
				TargetAttributes = {
					2242CB32214CDA3500D29598 = {
						CreatedOnToolsVersion = 9.4.1;
					};
					2242CB46214CDA3700D29598 = {
						CreatedOnToolsVersion = 9.4.1;
						TestTargetID = 2242CB32214CDA3500D29598;
					};
					2242CB51214CDA3700D29598 = {
						CreatedOnToolsVersion = 9.4.1;
						TestTargetID = 2242CB32214CDA3500D29598;
					};
				};
			};
			buildConfigurationList = 2242CB2E214CDA3500D29598 /* Build configuration list for PBXProject "Progress" */;
			compatibilityVersion = "Xcode 9.3";
			developmentRegion = en;
			hasScannedForEncodings = 0;
			knownRegions = (
				en,
				Base,
				ko,
				ja,
			);
			mainGroup = 2242CB2A214CDA3500D29598;
			productRefGroup = 2242CB34214CDA3500D29598 /* Products */;
			projectDirPath = "";
			projectRoot = "";
			targets = (
				2242CB32214CDA3500D29598 /* Progress */,
				2242CB46214CDA3700D29598 /* ProgressTests */,
				2242CB51214CDA3700D29598 /* ProgressUITests */,
			);
		};
/* End PBXProject section */

/* Begin PBXResourcesBuildPhase section */
		2242CB31214CDA3500D29598 /* Resources */ = {
			isa = PBXResourcesBuildPhase;
			buildActionMask = 2147483647;
			files = (
				2242CB41214CDA3700D29598 /* LaunchScreen.storyboard in Resources */,
				2242CB6A214CDCAE00D29598 /* Localizable.strings in Resources */,
				2242CB3E214CDA3700D29598 /* Assets.xcassets in Resources */,
			);
			runOnlyForDeploymentPostprocessing = 0;
		};
		2242CB45214CDA3700D29598 /* Resources */ = {
			isa = PBXResourcesBuildPhase;
			buildActionMask = 2147483647;
			files = (
			);
			runOnlyForDeploymentPostprocessing = 0;
		};
		2242CB50214CDA3700D29598 /* Resources */ = {
			isa = PBXResourcesBuildPhase;
			buildActionMask = 2147483647;
			files = (
			);
			runOnlyForDeploymentPostprocessing = 0;
		};
/* End PBXResourcesBuildPhase section */

/* Begin PBXShellScriptBuildPhase section */
		2242CB66214CDC1600D29598 /* Build number auto increment */ = {
			isa = PBXShellScriptBuildPhase;
			buildActionMask = 2147483647;
			files = (
			);
			inputPaths = (
			);
			name = "Build number auto increment";
			outputPaths = (
			);
			runOnlyForDeploymentPostprocessing = 0;
			shellPath = /bin/sh;
			shellScript = "buildNumber=$(/usr/libexec/PlistBuddy -c \"Print CFBundleVersion\" \"${PROJECT_DIR}/${INFOPLIST_FILE}\")\nbuildNumber=$(($buildNumber + 1))\n/usr/libexec/PlistBuddy -c \"Set :CFBundleVersion $buildNumber\" \"${PROJECT_DIR}/${INFOPLIST_FILE}\"";
		};
		58B7D62126DD7EA6F1632F24 /* [CP] Check Pods Manifest.lock */ = {
			isa = PBXShellScriptBuildPhase;
			buildActionMask = 2147483647;
			files = (
			);
			inputFileListPaths = (
			);
			inputPaths = (
				"${PODS_PODFILE_DIR_PATH}/Podfile.lock",
				"${PODS_ROOT}/Manifest.lock",
			);
			name = "[CP] Check Pods Manifest.lock";
			outputFileListPaths = (
			);
			outputPaths = (
				"$(DERIVED_FILE_DIR)/Pods-Progress-checkManifestLockResult.txt",
			);
			runOnlyForDeploymentPostprocessing = 0;
			shellPath = /bin/sh;
			shellScript = "diff \"${PODS_PODFILE_DIR_PATH}/Podfile.lock\" \"${PODS_ROOT}/Manifest.lock\" > /dev/null\nif [ $? != 0 ] ; then\n    # print error to STDERR\n    echo \"error: The sandbox is not in sync with the Podfile.lock. Run 'pod install' or update your CocoaPods installation.\" >&2\n    exit 1\nfi\n# This output is used by Xcode 'outputs' to avoid re-running this script phase.\necho \"SUCCESS\" > \"${SCRIPT_OUTPUT_FILE_0}\"\n";
			showEnvVarsInLog = 0;
		};
/* End PBXShellScriptBuildPhase section */

/* Begin PBXSourcesBuildPhase section */
		2242CB2F214CDA3500D29598 /* Sources */ = {
			isa = PBXSourcesBuildPhase;
			buildActionMask = 2147483647;
			files = (
				2242CB65214CDBA500D29598 /* InitViewController.swift in Sources */,
				2242CB73214CDD1500D29598 /* PGViewController.swift in Sources */,
				2242CB37214CDA3500D29598 /* AppDelegate.swift in Sources */,
				2242CB76214CDD7E00D29598 /* PGViewExtensions.swift in Sources */,
			);
			runOnlyForDeploymentPostprocessing = 0;
		};
		2242CB43214CDA3700D29598 /* Sources */ = {
			isa = PBXSourcesBuildPhase;
			buildActionMask = 2147483647;
			files = (
			);
			runOnlyForDeploymentPostprocessing = 0;
		};
		2242CB4E214CDA3700D29598 /* Sources */ = {
			isa = PBXSourcesBuildPhase;
			buildActionMask = 2147483647;
			files = (
			);
			runOnlyForDeploymentPostprocessing = 0;
		};
/* End PBXSourcesBuildPhase section */

/* Begin PBXTargetDependency section */
		2242CB49214CDA3700D29598 /* PBXTargetDependency */ = {
			isa = PBXTargetDependency;
			target = 2242CB32214CDA3500D29598 /* Progress */;
			targetProxy = 2242CB48214CDA3700D29598 /* PBXContainerItemProxy */;
		};
		2242CB54214CDA3700D29598 /* PBXTargetDependency */ = {
			isa = PBXTargetDependency;
			target = 2242CB32214CDA3500D29598 /* Progress */;
			targetProxy = 2242CB53214CDA3700D29598 /* PBXContainerItemProxy */;
		};
/* End PBXTargetDependency section */

/* Begin PBXVariantGroup section */
		2242CB3F214CDA3700D29598 /* LaunchScreen.storyboard */ = {
			isa = PBXVariantGroup;
			children = (
				2242CB40214CDA3700D29598 /* Base */,
				2242CB6D214CDCE500D29598 /* ko */,
				2242CB6F214CDCE800D29598 /* ja */,
			);
			name = LaunchScreen.storyboard;
			sourceTree = "<group>";
		};
		2242CB6C214CDCAE00D29598 /* Localizable.strings */ = {
			isa = PBXVariantGroup;
			children = (
				2242CB6B214CDCAE00D29598 /* en */,
				2242CB6E214CDCE500D29598 /* ko */,
				2242CB70214CDCE800D29598 /* ja */,
			);
			name = Localizable.strings;
			sourceTree = "<group>";
		};
/* End PBXVariantGroup section */

/* Begin XCBuildConfiguration section */
		2242CB59214CDA3700D29598 /* Debug */ = {
			isa = XCBuildConfiguration;
			buildSettings = {
				ALWAYS_SEARCH_USER_PATHS = NO;
				CLANG_ANALYZER_LOCALIZABILITY_NONLOCALIZED = YES;
				CLANG_ANALYZER_NONNULL = YES;
				CLANG_ANALYZER_NUMBER_OBJECT_CONVERSION = YES_AGGRESSIVE;
				CLANG_CXX_LANGUAGE_STANDARD = "gnu++14";
				CLANG_CXX_LIBRARY = "libc++";
				CLANG_ENABLE_MODULES = YES;
				CLANG_ENABLE_OBJC_ARC = YES;
				CLANG_ENABLE_OBJC_WEAK = YES;
				CLANG_WARN_BLOCK_CAPTURE_AUTORELEASING = YES;
				CLANG_WARN_BOOL_CONVERSION = YES;
				CLANG_WARN_COMMA = YES;
				CLANG_WARN_CONSTANT_CONVERSION = YES;
				CLANG_WARN_DEPRECATED_OBJC_IMPLEMENTATIONS = YES;
				CLANG_WARN_DIRECT_OBJC_ISA_USAGE = YES_ERROR;
				CLANG_WARN_DOCUMENTATION_COMMENTS = YES;
				CLANG_WARN_EMPTY_BODY = YES;
				CLANG_WARN_ENUM_CONVERSION = YES;
				CLANG_WARN_INFINITE_RECURSION = YES;
				CLANG_WARN_INT_CONVERSION = YES;
				CLANG_WARN_NON_LITERAL_NULL_CONVERSION = YES;
				CLANG_WARN_OBJC_IMPLICIT_RETAIN_SELF = YES;
				CLANG_WARN_OBJC_LITERAL_CONVERSION = YES;
				CLANG_WARN_OBJC_ROOT_CLASS = YES_ERROR;
				CLANG_WARN_RANGE_LOOP_ANALYSIS = YES;
				CLANG_WARN_STRICT_PROTOTYPES = YES;
				CLANG_WARN_SUSPICIOUS_MOVE = YES;
				CLANG_WARN_UNGUARDED_AVAILABILITY = YES_AGGRESSIVE;
				CLANG_WARN_UNREACHABLE_CODE = YES;
				CLANG_WARN__DUPLICATE_METHOD_MATCH = YES;
				CODE_SIGN_IDENTITY = "iPhone Developer";
				COPY_PHASE_STRIP = NO;
				DEBUG_INFORMATION_FORMAT = dwarf;
				ENABLE_STRICT_OBJC_MSGSEND = YES;
				ENABLE_TESTABILITY = YES;
				GCC_C_LANGUAGE_STANDARD = gnu11;
				GCC_DYNAMIC_NO_PIC = NO;
				GCC_NO_COMMON_BLOCKS = YES;
				GCC_OPTIMIZATION_LEVEL = 0;
				GCC_PREPROCESSOR_DEFINITIONS = (
					"DEBUG=1",
					"$(inherited)",
				);
				GCC_WARN_64_TO_32_BIT_CONVERSION = YES;
				GCC_WARN_ABOUT_RETURN_TYPE = YES_ERROR;
				GCC_WARN_UNDECLARED_SELECTOR = YES;
				GCC_WARN_UNINITIALIZED_AUTOS = YES_AGGRESSIVE;
				GCC_WARN_UNUSED_FUNCTION = YES;
				GCC_WARN_UNUSED_VARIABLE = YES;
				IPHONEOS_DEPLOYMENT_TARGET = 11.4;
				MTL_ENABLE_DEBUG_INFO = YES;
				ONLY_ACTIVE_ARCH = YES;
				SDKROOT = iphoneos;
				SWIFT_ACTIVE_COMPILATION_CONDITIONS = DEBUG;
				SWIFT_OPTIMIZATION_LEVEL = "-Onone";
			};
			name = Debug;
		};
		2242CB5A214CDA3700D29598 /* Release */ = {
			isa = XCBuildConfiguration;
			buildSettings = {
				ALWAYS_SEARCH_USER_PATHS = NO;
				CLANG_ANALYZER_LOCALIZABILITY_NONLOCALIZED = YES;
				CLANG_ANALYZER_NONNULL = YES;
				CLANG_ANALYZER_NUMBER_OBJECT_CONVERSION = YES_AGGRESSIVE;
				CLANG_CXX_LANGUAGE_STANDARD = "gnu++14";
				CLANG_CXX_LIBRARY = "libc++";
				CLANG_ENABLE_MODULES = YES;
				CLANG_ENABLE_OBJC_ARC = YES;
				CLANG_ENABLE_OBJC_WEAK = YES;
				CLANG_WARN_BLOCK_CAPTURE_AUTORELEASING = YES;
				CLANG_WARN_BOOL_CONVERSION = YES;
				CLANG_WARN_COMMA = YES;
				CLANG_WARN_CONSTANT_CONVERSION = YES;
				CLANG_WARN_DEPRECATED_OBJC_IMPLEMENTATIONS = YES;
				CLANG_WARN_DIRECT_OBJC_ISA_USAGE = YES_ERROR;
				CLANG_WARN_DOCUMENTATION_COMMENTS = YES;
				CLANG_WARN_EMPTY_BODY = YES;
				CLANG_WARN_ENUM_CONVERSION = YES;
				CLANG_WARN_INFINITE_RECURSION = YES;
				CLANG_WARN_INT_CONVERSION = YES;
				CLANG_WARN_NON_LITERAL_NULL_CONVERSION = YES;
				CLANG_WARN_OBJC_IMPLICIT_RETAIN_SELF = YES;
				CLANG_WARN_OBJC_LITERAL_CONVERSION = YES;
				CLANG_WARN_OBJC_ROOT_CLASS = YES_ERROR;
				CLANG_WARN_RANGE_LOOP_ANALYSIS = YES;
				CLANG_WARN_STRICT_PROTOTYPES = YES;
				CLANG_WARN_SUSPICIOUS_MOVE = YES;
				CLANG_WARN_UNGUARDED_AVAILABILITY = YES_AGGRESSIVE;
				CLANG_WARN_UNREACHABLE_CODE = YES;
				CLANG_WARN__DUPLICATE_METHOD_MATCH = YES;
				CODE_SIGN_IDENTITY = "iPhone Developer";
				COPY_PHASE_STRIP = NO;
				DEBUG_INFORMATION_FORMAT = "dwarf-with-dsym";
				ENABLE_NS_ASSERTIONS = NO;
				ENABLE_STRICT_OBJC_MSGSEND = YES;
				GCC_C_LANGUAGE_STANDARD = gnu11;
				GCC_NO_COMMON_BLOCKS = YES;
				GCC_WARN_64_TO_32_BIT_CONVERSION = YES;
				GCC_WARN_ABOUT_RETURN_TYPE = YES_ERROR;
				GCC_WARN_UNDECLARED_SELECTOR = YES;
				GCC_WARN_UNINITIALIZED_AUTOS = YES_AGGRESSIVE;
				GCC_WARN_UNUSED_FUNCTION = YES;
				GCC_WARN_UNUSED_VARIABLE = YES;
				IPHONEOS_DEPLOYMENT_TARGET = 11.4;
				MTL_ENABLE_DEBUG_INFO = NO;
				SDKROOT = iphoneos;
				SWIFT_COMPILATION_MODE = wholemodule;
				SWIFT_OPTIMIZATION_LEVEL = "-O";
				VALIDATE_PRODUCT = YES;
			};
			name = Release;
		};
		2242CB5C214CDA3700D29598 /* Debug */ = {
			isa = XCBuildConfiguration;
			baseConfigurationReference = 884D652F34DA60591ABAAA1A /* Pods-Progress.debug.xcconfig */;
			buildSettings = {
				ASSETCATALOG_COMPILER_APPICON_NAME = AppIcon;
				CODE_SIGN_STYLE = Automatic;
				DEVELOPMENT_TEAM = CYYSPH8DRG;
				INFOPLIST_FILE = Progress/Info.plist;
				LD_RUNPATH_SEARCH_PATHS = (
					"$(inherited)",
					"@executable_path/Frameworks",
				);
				PRODUCT_BUNDLE_IDENTIFIER = moe.yousoro.ios.Progress;
				PRODUCT_NAME = "$(TARGET_NAME)";
				SWIFT_VERSION = 4.0;
				TARGETED_DEVICE_FAMILY = "1,2";
			};
			name = Debug;
		};
		2242CB5D214CDA3700D29598 /* Release */ = {
			isa = XCBuildConfiguration;
			baseConfigurationReference = F778A5A3AF9582D2A77C73CB /* Pods-Progress.release.xcconfig */;
			buildSettings = {
				ASSETCATALOG_COMPILER_APPICON_NAME = AppIcon;
				CODE_SIGN_STYLE = Automatic;
				DEVELOPMENT_TEAM = CYYSPH8DRG;
				INFOPLIST_FILE = Progress/Info.plist;
				LD_RUNPATH_SEARCH_PATHS = (
					"$(inherited)",
					"@executable_path/Frameworks",
				);
				PRODUCT_BUNDLE_IDENTIFIER = moe.yousoro.ios.Progress;
				PRODUCT_NAME = "$(TARGET_NAME)";
				SWIFT_VERSION = 4.0;
				TARGETED_DEVICE_FAMILY = "1,2";
			};
			name = Release;
		};
		2242CB5F214CDA3700D29598 /* Debug */ = {
			isa = XCBuildConfiguration;
			buildSettings = {
				ALWAYS_EMBED_SWIFT_STANDARD_LIBRARIES = YES;
				BUNDLE_LOADER = "$(TEST_HOST)";
				CODE_SIGN_STYLE = Automatic;
				DEVELOPMENT_TEAM = CYYSPH8DRG;
				INFOPLIST_FILE = ProgressTests/Info.plist;
				LD_RUNPATH_SEARCH_PATHS = (
					"$(inherited)",
					"@executable_path/Frameworks",
					"@loader_path/Frameworks",
				);
				PRODUCT_BUNDLE_IDENTIFIER = moe.yousoro.ios.ProgressTests;
				PRODUCT_NAME = "$(TARGET_NAME)";
				SWIFT_VERSION = 4.0;
				TARGETED_DEVICE_FAMILY = "1,2";
				TEST_HOST = "$(BUILT_PRODUCTS_DIR)/Progress.app/Progress";
			};
			name = Debug;
		};
		2242CB60214CDA3700D29598 /* Release */ = {
			isa = XCBuildConfiguration;
			buildSettings = {
				ALWAYS_EMBED_SWIFT_STANDARD_LIBRARIES = YES;
				BUNDLE_LOADER = "$(TEST_HOST)";
				CODE_SIGN_STYLE = Automatic;
				DEVELOPMENT_TEAM = CYYSPH8DRG;
				INFOPLIST_FILE = ProgressTests/Info.plist;
				LD_RUNPATH_SEARCH_PATHS = (
					"$(inherited)",
					"@executable_path/Frameworks",
					"@loader_path/Frameworks",
				);
				PRODUCT_BUNDLE_IDENTIFIER = moe.yousoro.ios.ProgressTests;
				PRODUCT_NAME = "$(TARGET_NAME)";
				SWIFT_VERSION = 4.0;
				TARGETED_DEVICE_FAMILY = "1,2";
				TEST_HOST = "$(BUILT_PRODUCTS_DIR)/Progress.app/Progress";
			};
			name = Release;
		};
		2242CB62214CDA3700D29598 /* Debug */ = {
			isa = XCBuildConfiguration;
			buildSettings = {
				ALWAYS_EMBED_SWIFT_STANDARD_LIBRARIES = YES;
				CODE_SIGN_STYLE = Automatic;
				DEVELOPMENT_TEAM = CYYSPH8DRG;
				INFOPLIST_FILE = ProgressUITests/Info.plist;
				LD_RUNPATH_SEARCH_PATHS = (
					"$(inherited)",
					"@executable_path/Frameworks",
					"@loader_path/Frameworks",
				);
				PRODUCT_BUNDLE_IDENTIFIER = moe.yousoro.ios.ProgressUITests;
				PRODUCT_NAME = "$(TARGET_NAME)";
				SWIFT_VERSION = 4.0;
				TARGETED_DEVICE_FAMILY = "1,2";
				TEST_TARGET_NAME = Progress;
			};
			name = Debug;
		};
		2242CB63214CDA3700D29598 /* Release */ = {
			isa = XCBuildConfiguration;
			buildSettings = {
				ALWAYS_EMBED_SWIFT_STANDARD_LIBRARIES = YES;
				CODE_SIGN_STYLE = Automatic;
				DEVELOPMENT_TEAM = CYYSPH8DRG;
				INFOPLIST_FILE = ProgressUITests/Info.plist;
				LD_RUNPATH_SEARCH_PATHS = (
					"$(inherited)",
					"@executable_path/Frameworks",
					"@loader_path/Frameworks",
				);
				PRODUCT_BUNDLE_IDENTIFIER = moe.yousoro.ios.ProgressUITests;
				PRODUCT_NAME = "$(TARGET_NAME)";
				SWIFT_VERSION = 4.0;
				TARGETED_DEVICE_FAMILY = "1,2";
				TEST_TARGET_NAME = Progress;
			};
			name = Release;
		};
/* End XCBuildConfiguration section */

/* Begin XCConfigurationList section */
		2242CB2E214CDA3500D29598 /* Build configuration list for PBXProject "Progress" */ = {
			isa = XCConfigurationList;
			buildConfigurations = (
				2242CB59214CDA3700D29598 /* Debug */,
				2242CB5A214CDA3700D29598 /* Release */,
			);
			defaultConfigurationIsVisible = 0;
			defaultConfigurationName = Release;
		};
		2242CB5B214CDA3700D29598 /* Build configuration list for PBXNativeTarget "Progress" */ = {
			isa = XCConfigurationList;
			buildConfigurations = (
				2242CB5C214CDA3700D29598 /* Debug */,
				2242CB5D214CDA3700D29598 /* Release */,
			);
			defaultConfigurationIsVisible = 0;
			defaultConfigurationName = Release;
		};
		2242CB5E214CDA3700D29598 /* Build configuration list for PBXNativeTarget "ProgressTests" */ = {
			isa = XCConfigurationList;
			buildConfigurations = (
				2242CB5F214CDA3700D29598 /* Debug */,
				2242CB60214CDA3700D29598 /* Release */,
			);
			defaultConfigurationIsVisible = 0;
			defaultConfigurationName = Release;
		};
		2242CB61214CDA3700D29598 /* Build configuration list for PBXNativeTarget "ProgressUITests" */ = {
			isa = XCConfigurationList;
			buildConfigurations = (
				2242CB62214CDA3700D29598 /* Debug */,
				2242CB63214CDA3700D29598 /* Release */,
			);
			defaultConfigurationIsVisible = 0;
			defaultConfigurationName = Release;
		};
/* End XCConfigurationList section */
	};
	rootObject = 2242CB2B214CDA3500D29598 /* Project object */;
}
